
Microsoft Visual Studio Solution File, Format Version 12.00
# Visual Studio 15
VisualStudioVersion = 15.0.28307.106
MinimumVisualStudioVersion = 10.0.40219.1
Project("{8BC9CEB8-8B4A-11D0-8D11-00A0C91BC942}") = "Bootstrap", "bootstrap\Bootstrap.vcxproj", "{AF59BB0B-E059-4773-83DC-728A949647DA}"
EndProject
Project("{8BC9CEB8-8B4A-11D0-8D11-00A0C91BC942}") = "PhysicsAndFixedTimeStep", "PhysicsAndFixedTimeStep\PhysicsAndFixedTimeStep.vcxproj", "{DEA49362-B428-4215-8D64-4EA0B4FF0858}"
EndProject
Project("{8BC9CEB8-8B4A-11D0-8D11-00A0C91BC942}") = "ProjectilePhysics", "ProjectilePhysics\ProjectilePhysics.vcxproj", "{8FAED976-EDC4-434B-ABBC-A2AF77D93142}"
EndProject
Project("{8BC9CEB8-8B4A-11D0-8D11-00A0C91BC942}") = "CollisionDetection", "CollisionDetection\CollisionDetection.vcxproj", "{DEE5F10B-6128-499C-999B-2EFEB7EDAC29}"
EndProject
Project("{8BC9CEB8-8B4A-11D0-8D11-00A0C91BC942}") = "CollisionResolution", "CollisionResolution\CollisionResolution.vcxproj", "{F38D05AF-BC4B-40B5-8789-2D05A7C58CCE}"
EndProject
Project("{8BC9CEB8-8B4A-11D0-8D11-00A0C91BC942}") = "FrictionAndRestitution", "FrictionAndRestitution\FrictionAndRestitution.vcxproj", "{626CE537-4417-4A8F-AF0E-C9762A815F7E}"
EndProject
Project("{8BC9CEB8-8B4A-11D0-8D11-00A0C91BC942}") = "RotationalForce", "RotationalForce\RotationalForce.vcxproj", "{C7EECF9D-724E-42EB-8FF7-9ED1DC131DBF}"
EndProject
Project("{8BC9CEB8-8B4A-11D0-8D11-00A0C91BC942}") = "Showcase", "Showcase\Showcase.vcxproj", "{7DA09A7B-9F93-41A9-A304-330A2EF8889B}"
EndProject
Global
	GlobalSection(SolutionConfigurationPlatforms) = preSolution
		Debug|x64 = Debug|x64
		Debug|x86 = Debug|x86
		Release|x64 = Release|x64
		Release|x86 = Release|x86
	EndGlobalSection
	GlobalSection(ProjectConfigurationPlatforms) = postSolution
		{AF59BB0B-E059-4773-83DC-728A949647DA}.Debug|x64.ActiveCfg = Debug|x64
		{AF59BB0B-E059-4773-83DC-728A949647DA}.Debug|x64.Build.0 = Debug|x64
		{AF59BB0B-E059-4773-83DC-728A949647DA}.Debug|x86.ActiveCfg = Debug|x64
		{AF59BB0B-E059-4773-83DC-728A949647DA}.Debug|x86.Build.0 = Debug|x64
		{AF59BB0B-E059-4773-83DC-728A949647DA}.Release|x64.ActiveCfg = Release|x64
		{AF59BB0B-E059-4773-83DC-728A949647DA}.Release|x64.Build.0 = Release|x64
		{AF59BB0B-E059-4773-83DC-728A949647DA}.Release|x86.ActiveCfg = Debug|x64
		{AF59BB0B-E059-4773-83DC-728A949647DA}.Release|x86.Build.0 = Debug|x64
		{DEA49362-B428-4215-8D64-4EA0B4FF0858}.Debug|x64.ActiveCfg = Debug|x64
		{DEA49362-B428-4215-8D64-4EA0B4FF0858}.Debug|x64.Build.0 = Debug|x64
		{DEA49362-B428-4215-8D64-4EA0B4FF0858}.Debug|x86.ActiveCfg = Debug|x64
		{DEA49362-B428-4215-8D64-4EA0B4FF0858}.Debug|x86.Build.0 = Debug|x64
		{DEA49362-B428-4215-8D64-4EA0B4FF0858}.Release|x64.ActiveCfg = Release|x64
		{DEA49362-B428-4215-8D64-4EA0B4FF0858}.Release|x64.Build.0 = Release|x64
		{DEA49362-B428-4215-8D64-4EA0B4FF0858}.Release|x86.ActiveCfg = Debug|x64
		{DEA49362-B428-4215-8D64-4EA0B4FF0858}.Release|x86.Build.0 = Debug|x64
		{8FAED976-EDC4-434B-ABBC-A2AF77D93142}.Debug|x64.ActiveCfg = Debug|x64
		{8FAED976-EDC4-434B-ABBC-A2AF77D93142}.Debug|x64.Build.0 = Debug|x64
		{8FAED976-EDC4-434B-ABBC-A2AF77D93142}.Debug|x86.ActiveCfg = Debug|x64
		{8FAED976-EDC4-434B-ABBC-A2AF77D93142}.Debug|x86.Build.0 = Debug|x64
		{8FAED976-EDC4-434B-ABBC-A2AF77D93142}.Release|x64.ActiveCfg = Release|x64
		{8FAED976-EDC4-434B-ABBC-A2AF77D93142}.Release|x64.Build.0 = Release|x64
		{8FAED976-EDC4-434B-ABBC-A2AF77D93142}.Release|x86.ActiveCfg = Debug|x64
		{8FAED976-EDC4-434B-ABBC-A2AF77D93142}.Release|x86.Build.0 = Debug|x64
		{DEE5F10B-6128-499C-999B-2EFEB7EDAC29}.Debug|x64.ActiveCfg = Debug|x64
		{DEE5F10B-6128-499C-999B-2EFEB7EDAC29}.Debug|x64.Build.0 = Debug|x64
		{DEE5F10B-6128-499C-999B-2EFEB7EDAC29}.Debug|x86.ActiveCfg = Debug|x64
		{DEE5F10B-6128-499C-999B-2EFEB7EDAC29}.Debug|x86.Build.0 = Debug|x64
		{DEE5F10B-6128-499C-999B-2EFEB7EDAC29}.Release|x64.ActiveCfg = Release|x64
		{DEE5F10B-6128-499C-999B-2EFEB7EDAC29}.Release|x64.Build.0 = Release|x64
		{DEE5F10B-6128-499C-999B-2EFEB7EDAC29}.Release|x86.ActiveCfg = Debug|x64
		{DEE5F10B-6128-499C-999B-2EFEB7EDAC29}.Release|x86.Build.0 = Debug|x64
		{F38D05AF-BC4B-40B5-8789-2D05A7C58CCE}.Debug|x64.ActiveCfg = Debug|x64
		{F38D05AF-BC4B-40B5-8789-2D05A7C58CCE}.Debug|x64.Build.0 = Debug|x64
		{F38D05AF-BC4B-40B5-8789-2D05A7C58CCE}.Debug|x86.ActiveCfg = Debug|x64
		{F38D05AF-BC4B-40B5-8789-2D05A7C58CCE}.Debug|x86.Build.0 = Debug|x64
		{F38D05AF-BC4B-40B5-8789-2D05A7C58CCE}.Release|x64.ActiveCfg = Release|x64
		{F38D05AF-BC4B-40B5-8789-2D05A7C58CCE}.Release|x64.Build.0 = Release|x64
		{F38D05AF-BC4B-40B5-8789-2D05A7C58CCE}.Release|x86.ActiveCfg = Debug|x64
		{F38D05AF-BC4B-40B5-8789-2D05A7C58CCE}.Release|x86.Build.0 = Debug|x64
		{626CE537-4417-4A8F-AF0E-C9762A815F7E}.Debug|x64.ActiveCfg = Debug|x64
		{626CE537-4417-4A8F-AF0E-C9762A815F7E}.Debug|x64.Build.0 = Debug|x64
		{626CE537-4417-4A8F-AF0E-C9762A815F7E}.Debug|x86.ActiveCfg = Debug|x64
		{626CE537-4417-4A8F-AF0E-C9762A815F7E}.Debug|x86.Build.0 = Debug|x64
		{626CE537-4417-4A8F-AF0E-C9762A815F7E}.Release|x64.ActiveCfg = Release|x64
		{626CE537-4417-4A8F-AF0E-C9762A815F7E}.Release|x64.Build.0 = Release|x64
		{626CE537-4417-4A8F-AF0E-C9762A815F7E}.Release|x86.ActiveCfg = Debug|x64
		{626CE537-4417-4A8F-AF0E-C9762A815F7E}.Release|x86.Build.0 = Debug|x64
		{C7EECF9D-724E-42EB-8FF7-9ED1DC131DBF}.Debug|x64.ActiveCfg = Debug|x64
		{C7EECF9D-724E-42EB-8FF7-9ED1DC131DBF}.Debug|x64.Build.0 = Debug|x64
		{C7EECF9D-724E-42EB-8FF7-9ED1DC131DBF}.Debug|x86.ActiveCfg = Debug|x64
		{C7EECF9D-724E-42EB-8FF7-9ED1DC131DBF}.Debug|x86.Build.0 = Debug|x64
		{C7EECF9D-724E-42EB-8FF7-9ED1DC131DBF}.Release|x64.ActiveCfg = Release|x64
		{C7EECF9D-724E-42EB-8FF7-9ED1DC131DBF}.Release|x64.Build.0 = Release|x64
		{C7EECF9D-724E-42EB-8FF7-9ED1DC131DBF}.Release|x86.ActiveCfg = Debug|x64
		{C7EECF9D-724E-42EB-8FF7-9ED1DC131DBF}.Release|x86.Build.0 = Debug|x64
		{7DA09A7B-9F93-41A9-A304-330A2EF8889B}.Debug|x64.ActiveCfg = Debug|x64
		{7DA09A7B-9F93-41A9-A304-330A2EF8889B}.Debug|x64.Build.0 = Debug|x64
		{7DA09A7B-9F93-41A9-A304-330A2EF8889B}.Debug|x86.ActiveCfg = Debug|x64
		{7DA09A7B-9F93-41A9-A304-330A2EF8889B}.Debug|x86.Build.0 = Debug|x64
		{7DA09A7B-9F93-41A9-A304-330A2EF8889B}.Release|x64.ActiveCfg = Release|x64
		{7DA09A7B-9F93-41A9-A304-330A2EF8889B}.Release|x64.Build.0 = Release|x64
		{7DA09A7B-9F93-41A9-A304-330A2EF8889B}.Release|x86.ActiveCfg = Debug|x64
		{7DA09A7B-9F93-41A9-A304-330A2EF8889B}.Release|x86.Build.0 = Debug|x64
	EndGlobalSection
	GlobalSection(SolutionProperties) = preSolution
		HideSolutionNode = FALSE
	EndGlobalSection
	GlobalSection(ExtensibilityGlobals) = postSolution
		SolutionGuid = {F2402B3B-955E-41A1-A74A-33A4EAB46976}
	EndGlobalSection
EndGlobal
